
Microsoft Visual Studio Solution File, Format Version 12.00
Project("{FAE04EC0-301F-11D3-BF4B-00C04F79EFBC}") = "NewsApp", "NewsApp.csproj", "{4690EDDF-88E6-4EB5-99CF-E0F57F25A135}"
EndProject
Global
	GlobalSection(SolutionConfigurationPlatforms) = preSolution
		Debug|Any CPU = Debug|Any CPU
		Release|Any CPU = Release|Any CPU
	EndGlobalSection
	GlobalSection(ProjectConfigurationPlatforms) = postSolution
		{4690EDDF-88E6-4EB5-99CF-E0F57F25A135}.Debug|Any CPU.ActiveCfg = Debug|Any CPU
		{4690EDDF-88E6-4EB5-99CF-E0F57F25A135}.Debug|Any CPU.Build.0 = Debug|Any CPU
		{4690EDDF-88E6-4EB5-99CF-E0F57F25A135}.Release|Any CPU.ActiveCfg = Release|Any CPU
		{4690EDDF-88E6-4EB5-99CF-E0F57F25A135}.Release|Any CPU.Build.0 = Release|Any CPU
	EndGlobalSection
EndGlobal
